
Microsoft Visual Studio Solution File, Format Version 12.00
# Visual Studio 15
VisualStudioVersion = 15.0.27428.2037
MinimumVisualStudioVersion = 10.0.40219.1
Project("{FAE04EC0-301F-11D3-BF4B-00C04F79EFBC}") = "VD01", "VD01\VD01.csproj", "{CDCB7A3B-B7B9-4828-AB42-6711E8C71715}"
EndProject
Project("{FAE04EC0-301F-11D3-BF4B-00C04F79EFBC}") = "VD02", "VD02\VD02.csproj", "{8D5BD440-869B-4558-968A-9E4F27A64EBC}"
EndProject
Project("{FAE04EC0-301F-11D3-BF4B-00C04F79EFBC}") = "VD03", "VD03\VD03.csproj", "{8199F156-D93E-4210-99BD-AFAA22152C2D}"
EndProject
Project("{FAE04EC0-301F-11D3-BF4B-00C04F79EFBC}") = "VD04", "VD04\VD04.csproj", "{6A0A7AAB-8E9C-40E7-B0C1-EEA30A14E13E}"
EndProject
Project("{FAE04EC0-301F-11D3-BF4B-00C04F79EFBC}") = "VD05", "VD05\VD05.csproj", "{552399C2-571F-40D3-9C95-F55A9E84893E}"
EndProject
Project("{FAE04EC0-301F-11D3-BF4B-00C04F79EFBC}") = "VD06", "VD06\VD06.csproj", "{AA146223-71F1-44F8-8D39-00F7C9875F6F}"
EndProject
Project("{FAE04EC0-301F-11D3-BF4B-00C04F79EFBC}") = "VD07", "VD07\VD07.csproj", "{2CD01833-DDCF-4626-BDFE-63ED8F92C869}"
EndProject
Project("{FAE04EC0-301F-11D3-BF4B-00C04F79EFBC}") = "VD08", "VD08\VD08.csproj", "{FBB555E1-17AF-430E-A5D8-BC8988308D86}"
EndProject
Project("{FAE04EC0-301F-11D3-BF4B-00C04F79EFBC}") = "VD09", "VD09\VD09.csproj", "{0ADB1E86-FDA3-4687-83CC-A11B0E60376C}"
EndProject
Project("{FAE04EC0-301F-11D3-BF4B-00C04F79EFBC}") = "VD10", "VD10\VD10.csproj", "{823DD7C6-19B5-4B3B-B847-B3949AD7E6A0}"
EndProject
Project("{FAE04EC0-301F-11D3-BF4B-00C04F79EFBC}") = "VD11", "VD11\VD11.csproj", "{FD4F5C97-2292-4B90-9A95-572AE432C5C1}"
EndProject
Project("{FAE04EC0-301F-11D3-BF4B-00C04F79EFBC}") = "QuanliDongho", "QuanliDongho\QuanliDongho.csproj", "{F7FB7418-5F8E-4308-A2CD-6C73D3F83137}"
EndProject
Global
	GlobalSection(SolutionConfigurationPlatforms) = preSolution
		Debug|Any CPU = Debug|Any CPU
		Release|Any CPU = Release|Any CPU
	EndGlobalSection
	GlobalSection(ProjectConfigurationPlatforms) = postSolution
		{CDCB7A3B-B7B9-4828-AB42-6711E8C71715}.Debug|Any CPU.ActiveCfg = Debug|Any CPU
		{CDCB7A3B-B7B9-4828-AB42-6711E8C71715}.Debug|Any CPU.Build.0 = Debug|Any CPU
		{CDCB7A3B-B7B9-4828-AB42-6711E8C71715}.Release|Any CPU.ActiveCfg = Release|Any CPU
		{CDCB7A3B-B7B9-4828-AB42-6711E8C71715}.Release|Any CPU.Build.0 = Release|Any CPU
		{8D5BD440-869B-4558-968A-9E4F27A64EBC}.Debug|Any CPU.ActiveCfg = Debug|Any CPU
		{8D5BD440-869B-4558-968A-9E4F27A64EBC}.Debug|Any CPU.Build.0 = Debug|Any CPU
		{8D5BD440-869B-4558-968A-9E4F27A64EBC}.Release|Any CPU.ActiveCfg = Release|Any CPU
		{8D5BD440-869B-4558-968A-9E4F27A64EBC}.Release|Any CPU.Build.0 = Release|Any CPU
		{8199F156-D93E-4210-99BD-AFAA22152C2D}.Debug|Any CPU.ActiveCfg = Debug|Any CPU
		{8199F156-D93E-4210-99BD-AFAA22152C2D}.Debug|Any CPU.Build.0 = Debug|Any CPU
		{8199F156-D93E-4210-99BD-AFAA22152C2D}.Release|Any CPU.ActiveCfg = Release|Any CPU
		{8199F156-D93E-4210-99BD-AFAA22152C2D}.Release|Any CPU.Build.0 = Release|Any CPU
		{6A0A7AAB-8E9C-40E7-B0C1-EEA30A14E13E}.Debug|Any CPU.ActiveCfg = Debug|Any CPU
		{6A0A7AAB-8E9C-40E7-B0C1-EEA30A14E13E}.Debug|Any CPU.Build.0 = Debug|Any CPU
		{6A0A7AAB-8E9C-40E7-B0C1-EEA30A14E13E}.Release|Any CPU.ActiveCfg = Release|Any CPU
		{6A0A7AAB-8E9C-40E7-B0C1-EEA30A14E13E}.Release|Any CPU.Build.0 = Release|Any CPU
		{552399C2-571F-40D3-9C95-F55A9E84893E}.Debug|Any CPU.ActiveCfg = Debug|Any CPU
		{552399C2-571F-40D3-9C95-F55A9E84893E}.Debug|Any CPU.Build.0 = Debug|Any CPU
		{552399C2-571F-40D3-9C95-F55A9E84893E}.Release|Any CPU.ActiveCfg = Release|Any CPU
		{552399C2-571F-40D3-9C95-F55A9E84893E}.Release|Any CPU.Build.0 = Release|Any CPU
		{AA146223-71F1-44F8-8D39-00F7C9875F6F}.Debug|Any CPU.ActiveCfg = Debug|Any CPU
		{AA146223-71F1-44F8-8D39-00F7C9875F6F}.Debug|Any CPU.Build.0 = Debug|Any CPU
		{AA146223-71F1-44F8-8D39-00F7C9875F6F}.Release|Any CPU.ActiveCfg = Release|Any CPU
		{AA146223-71F1-44F8-8D39-00F7C9875F6F}.Release|Any CPU.Build.0 = Release|Any CPU
		{2CD01833-DDCF-4626-BDFE-63ED8F92C869}.Debug|Any CPU.ActiveCfg = Debug|Any CPU
		{2CD01833-DDCF-4626-BDFE-63ED8F92C869}.Debug|Any CPU.Build.0 = Debug|Any CPU
		{2CD01833-DDCF-4626-BDFE-63ED8F92C869}.Release|Any CPU.ActiveCfg = Release|Any CPU
		{2CD01833-DDCF-4626-BDFE-63ED8F92C869}.Release|Any CPU.Build.0 = Release|Any CPU
		{FBB555E1-17AF-430E-A5D8-BC8988308D86}.Debug|Any CPU.ActiveCfg = Debug|Any CPU
		{FBB555E1-17AF-430E-A5D8-BC8988308D86}.Debug|Any CPU.Build.0 = Debug|Any CPU
		{FBB555E1-17AF-430E-A5D8-BC8988308D86}.Release|Any CPU.ActiveCfg = Release|Any CPU
		{FBB555E1-17AF-430E-A5D8-BC8988308D86}.Release|Any CPU.Build.0 = Release|Any CPU
		{0ADB1E86-FDA3-4687-83CC-A11B0E60376C}.Debug|Any CPU.ActiveCfg = Debug|Any CPU
		{0ADB1E86-FDA3-4687-83CC-A11B0E60376C}.Debug|Any CPU.Build.0 = Debug|Any CPU
		{0ADB1E86-FDA3-4687-83CC-A11B0E60376C}.Release|Any CPU.ActiveCfg = Release|Any CPU
		{0ADB1E86-FDA3-4687-83CC-A11B0E60376C}.Release|Any CPU.Build.0 = Release|Any CPU
		{823DD7C6-19B5-4B3B-B847-B3949AD7E6A0}.Debug|Any CPU.ActiveCfg = Debug|Any CPU
		{823DD7C6-19B5-4B3B-B847-B3949AD7E6A0}.Debug|Any CPU.Build.0 = Debug|Any CPU
		{823DD7C6-19B5-4B3B-B847-B3949AD7E6A0}.Release|Any CPU.ActiveCfg = Release|Any CPU
		{823DD7C6-19B5-4B3B-B847-B3949AD7E6A0}.Release|Any CPU.Build.0 = Release|Any CPU
		{FD4F5C97-2292-4B90-9A95-572AE432C5C1}.Debug|Any CPU.ActiveCfg = Debug|Any CPU
		{FD4F5C97-2292-4B90-9A95-572AE432C5C1}.Debug|Any CPU.Build.0 = Debug|Any CPU
		{FD4F5C97-2292-4B90-9A95-572AE432C5C1}.Release|Any CPU.ActiveCfg = Release|Any CPU
		{FD4F5C97-2292-4B90-9A95-572AE432C5C1}.Release|Any CPU.Build.0 = Release|Any CPU
		{F7FB7418-5F8E-4308-A2CD-6C73D3F83137}.Debug|Any CPU.ActiveCfg = Debug|Any CPU
		{F7FB7418-5F8E-4308-A2CD-6C73D3F83137}.Debug|Any CPU.Build.0 = Debug|Any CPU
		{F7FB7418-5F8E-4308-A2CD-6C73D3F83137}.Release|Any CPU.ActiveCfg = Release|Any CPU
		{F7FB7418-5F8E-4308-A2CD-6C73D3F83137}.Release|Any CPU.Build.0 = Release|Any CPU
	EndGlobalSection
	GlobalSection(SolutionProperties) = preSolution
		HideSolutionNode = FALSE
	EndGlobalSection
	GlobalSection(ExtensibilityGlobals) = postSolution
		SolutionGuid = {035C9885-A194-4E25-84EC-09401BF67D33}
	EndGlobalSection
EndGlobal
